{
  "requires": true,
  "lockfileVersion": 1,
  "dependencies": {
    "jose": {
      "version": "3.11.5",
      "resolved": "https://registry.npmjs.org/jose/-/jose-3.11.5.tgz",
      "integrity": "sha512-TYYycnGIXovMOj4QUPYJExmQ8lGyuz4bkO4ZdpCj88uro0FADFLGOpfk0pjTiZn93MYwCBsObf23QguWSs4FCw=="
    }
  }
}
